
Microsoft Visual Studio Solution File, Format Version 12.00
# Visual Studio Version 16
VisualStudioVersion = 16.0.31624.102
MinimumVisualStudioVersion = 10.0.40219.1
Project("{FAE04EC0-301F-11D3-BF4B-00C04F79EFBC}") = "LibraryApp", "LibraryApp\LibraryApp.csproj", "{647DC54C-40B8-4AA0-BBDF-99B520B20DD6}"
EndProject
Global
	GlobalSection(SolutionConfigurationPlatforms) = preSolution
		Debug|Any CPU = Debug|Any CPU
		Release|Any CPU = Release|Any CPU
	EndGlobalSection
	GlobalSection(ProjectConfigurationPlatforms) = postSolution
		{647DC54C-40B8-4AA0-BBDF-99B520B20DD6}.Debug|Any CPU.ActiveCfg = Debug|Any CPU
		{647DC54C-40B8-4AA0-BBDF-99B520B20DD6}.Debug|Any CPU.Build.0 = Debug|Any CPU
		{647DC54C-40B8-4AA0-BBDF-99B520B20DD6}.Release|Any CPU.ActiveCfg = Release|Any CPU
		{647DC54C-40B8-4AA0-BBDF-99B520B20DD6}.Release|Any CPU.Build.0 = Release|Any CPU
	EndGlobalSection
	GlobalSection(SolutionProperties) = preSolution
		HideSolutionNode = FALSE
	EndGlobalSection
	GlobalSection(ExtensibilityGlobals) = postSolution
		SolutionGuid = {B47E8AE9-176F-46B5-95FC-690F84659922}
	EndGlobalSection
EndGlobal
