
Microsoft Visual Studio Solution File, Format Version 12.00
# Visual Studio Version 16
VisualStudioVersion = 16.0.31624.102
MinimumVisualStudioVersion = 10.0.40219.1
Project("{FAE04EC0-301F-11D3-BF4B-00C04F79EFBC}") = "PizzaEF", "PizzaEF\PizzaEF.csproj", "{6FBAFCE6-D643-41F5-B65F-CC9AB2CD3DF3}"
EndProject
Global
	GlobalSection(SolutionConfigurationPlatforms) = preSolution
		Debug|Any CPU = Debug|Any CPU
		Release|Any CPU = Release|Any CPU
	EndGlobalSection
	GlobalSection(ProjectConfigurationPlatforms) = postSolution
		{6FBAFCE6-D643-41F5-B65F-CC9AB2CD3DF3}.Debug|Any CPU.ActiveCfg = Debug|Any CPU
		{6FBAFCE6-D643-41F5-B65F-CC9AB2CD3DF3}.Debug|Any CPU.Build.0 = Debug|Any CPU
		{6FBAFCE6-D643-41F5-B65F-CC9AB2CD3DF3}.Release|Any CPU.ActiveCfg = Release|Any CPU
		{6FBAFCE6-D643-41F5-B65F-CC9AB2CD3DF3}.Release|Any CPU.Build.0 = Release|Any CPU
	EndGlobalSection
	GlobalSection(SolutionProperties) = preSolution
		HideSolutionNode = FALSE
	EndGlobalSection
	GlobalSection(ExtensibilityGlobals) = postSolution
		SolutionGuid = {2CD1E1D1-31DF-499E-8F6C-CDF928D23542}
	EndGlobalSection
EndGlobal
