
Microsoft Visual Studio Solution File, Format Version 12.00
# Visual Studio Version 16
VisualStudioVersion = 16.0.31624.102
MinimumVisualStudioVersion = 10.0.40219.1
Project("{9A19103F-16F7-4668-BE54-9A1E7A4F7556}") = "PizzaWeb", "PizzaWeb\PizzaWeb.csproj", "{669379A6-F951-4D45-A541-253DB64DFB7F}"
EndProject
Project("{FAE04EC0-301F-11D3-BF4B-00C04F79EFBC}") = "Pizza.Domain", "Pizza.Domain\Pizza.Domain.csproj", "{720FDB60-396E-467D-8B60-3716E4EB32E0}"
EndProject
Project("{FAE04EC0-301F-11D3-BF4B-00C04F79EFBC}") = "Pizza.Infrastructure", "Pizza.Infrastructure\Pizza.Infrastructure.csproj", "{A5A75640-5044-4305-8ADF-06EED2FB9404}"
EndProject
Project("{FAE04EC0-301F-11D3-BF4B-00C04F79EFBC}") = "Pizza.Application", "Pizza.Application\Pizza.Application.csproj", "{F9C300CD-ECAD-4299-94B5-B34FACF4901D}"
EndProject
Global
	GlobalSection(SolutionConfigurationPlatforms) = preSolution
		Debug|Any CPU = Debug|Any CPU
		Release|Any CPU = Release|Any CPU
	EndGlobalSection
	GlobalSection(ProjectConfigurationPlatforms) = postSolution
		{669379A6-F951-4D45-A541-253DB64DFB7F}.Debug|Any CPU.ActiveCfg = Debug|Any CPU
		{669379A6-F951-4D45-A541-253DB64DFB7F}.Debug|Any CPU.Build.0 = Debug|Any CPU
		{669379A6-F951-4D45-A541-253DB64DFB7F}.Release|Any CPU.ActiveCfg = Release|Any CPU
		{669379A6-F951-4D45-A541-253DB64DFB7F}.Release|Any CPU.Build.0 = Release|Any CPU
		{720FDB60-396E-467D-8B60-3716E4EB32E0}.Debug|Any CPU.ActiveCfg = Debug|Any CPU
		{720FDB60-396E-467D-8B60-3716E4EB32E0}.Debug|Any CPU.Build.0 = Debug|Any CPU
		{720FDB60-396E-467D-8B60-3716E4EB32E0}.Release|Any CPU.ActiveCfg = Release|Any CPU
		{720FDB60-396E-467D-8B60-3716E4EB32E0}.Release|Any CPU.Build.0 = Release|Any CPU
		{A5A75640-5044-4305-8ADF-06EED2FB9404}.Debug|Any CPU.ActiveCfg = Debug|Any CPU
		{A5A75640-5044-4305-8ADF-06EED2FB9404}.Debug|Any CPU.Build.0 = Debug|Any CPU
		{A5A75640-5044-4305-8ADF-06EED2FB9404}.Release|Any CPU.ActiveCfg = Release|Any CPU
		{A5A75640-5044-4305-8ADF-06EED2FB9404}.Release|Any CPU.Build.0 = Release|Any CPU
		{F9C300CD-ECAD-4299-94B5-B34FACF4901D}.Debug|Any CPU.ActiveCfg = Debug|Any CPU
		{F9C300CD-ECAD-4299-94B5-B34FACF4901D}.Debug|Any CPU.Build.0 = Debug|Any CPU
		{F9C300CD-ECAD-4299-94B5-B34FACF4901D}.Release|Any CPU.ActiveCfg = Release|Any CPU
		{F9C300CD-ECAD-4299-94B5-B34FACF4901D}.Release|Any CPU.Build.0 = Release|Any CPU
	EndGlobalSection
	GlobalSection(SolutionProperties) = preSolution
		HideSolutionNode = FALSE
	EndGlobalSection
	GlobalSection(ExtensibilityGlobals) = postSolution
		SolutionGuid = {A04775FA-D37D-4AA2-9C67-062C22F84793}
	EndGlobalSection
EndGlobal
